
Microsoft Visual Studio Solution File, Format Version 12.00
# Visual Studio Version 16
VisualStudioVersion = 16.0.31205.175
MinimumVisualStudioVersion = 10.0.40219.1
Project("{FAE04EC0-301F-11D3-BF4B-00C04F79EFBC}") = "Test", "Test.csproj", "{F20296A5-57C1-4E35-8BBE-2C0E18664A57}"
EndProject
Global
	GlobalSection(SolutionConfigurationPlatforms) = preSolution
		Debug|Any CPU = Debug|Any CPU
		Release|Any CPU = Release|Any CPU
	EndGlobalSection
	GlobalSection(ProjectConfigurationPlatforms) = postSolution
		{F20296A5-57C1-4E35-8BBE-2C0E18664A57}.Debug|Any CPU.ActiveCfg = Debug|Any CPU
		{F20296A5-57C1-4E35-8BBE-2C0E18664A57}.Debug|Any CPU.Build.0 = Debug|Any CPU
		{F20296A5-57C1-4E35-8BBE-2C0E18664A57}.Release|Any CPU.ActiveCfg = Release|Any CPU
		{F20296A5-57C1-4E35-8BBE-2C0E18664A57}.Release|Any CPU.Build.0 = Release|Any CPU
	EndGlobalSection
	GlobalSection(SolutionProperties) = preSolution
		HideSolutionNode = FALSE
	EndGlobalSection
	GlobalSection(ExtensibilityGlobals) = postSolution
		SolutionGuid = {FEF37F76-035B-4D2F-A585-EEEF4DF50DA5}
	EndGlobalSection
EndGlobal
